
Microsoft Visual Studio Solution File, Format Version 12.00
# Visual Studio 2013
VisualStudioVersion = 12.0.31101.0
MinimumVisualStudioVersion = 10.0.40219.1
Project("{8BC9CEB8-8B4A-11D0-8D11-00A0C91BC942}") = "samp.js", "samp.js.vcxproj", "{65CF10AD-A6C8-496C-A3CC-ADBA875176C3}"
EndProject
Project("{8BC9CEB8-8B4A-11D0-8D11-00A0C91BC942}") = "js2c", "..\deps\v8\tools\gyp\js2c.vcxproj", "{CA16CB5E-2AFB-285E-4098-B933157313C3}"
EndProject
Project("{8BC9CEB8-8B4A-11D0-8D11-00A0C91BC942}") = "v8", "..\deps\v8\tools\gyp\v8.vcxproj", "{60E52323-1EC8-1EFC-3916-52B2EF5B2800}"
EndProject
Project("{2150E333-8FDC-42A3-9474-1A3956D46DE8}") = "tools", "tools", "{8B8F6A49-362D-4A00-ABC8-A9E55CED17C3}"
EndProject
Project("{8BC9CEB8-8B4A-11D0-8D11-00A0C91BC942}") = "v8_libbase", "..\deps\v8\tools\gyp\v8_libbase.vcxproj", "{AA8FA2CD-113F-C8C7-8710-CF09E51261D1}"
EndProject
Project("{8BC9CEB8-8B4A-11D0-8D11-00A0C91BC942}") = "v8_base", "..\deps\v8\tools\gyp\v8_base.vcxproj", "{C77AA447-F92C-461B-7266-9C2C667E6DAF}"
EndProject
Project("{8BC9CEB8-8B4A-11D0-8D11-00A0C91BC942}") = "v8_libplatform", "..\deps\v8\tools\gyp\v8_libplatform.vcxproj", "{98AF5438-1D9D-9548-E4F8-C7F065536728}"
EndProject
Project("{8BC9CEB8-8B4A-11D0-8D11-00A0C91BC942}") = "v8_nosnapshot", "..\deps\v8\tools\gyp\v8_nosnapshot.vcxproj", "{1FAD5775-1701-2974-D996-C9792BE324BC}"
EndProject
Project("{2150E333-8FDC-42A3-9474-1A3956D46DE8}") = "third_party", "third_party", "{C160D19C-E1CE-46F8-96A1-A5E8B3747472}"
EndProject
Project("{8BC9CEB8-8B4A-11D0-8D11-00A0C91BC942}") = "icuuc", "..\deps\v8\third_party\icu\icuuc.vcxproj", "{98B652DB-C141-8440-DC50-13738F30DC30}"
EndProject
Project("{8BC9CEB8-8B4A-11D0-8D11-00A0C91BC942}") = "icudata", "..\deps\v8\third_party\icu\icudata.vcxproj", "{9285F0F7-9198-278A-75A2-FDDB47E82FDC}"
EndProject
Project("{8BC9CEB8-8B4A-11D0-8D11-00A0C91BC942}") = "icui18n", "..\deps\v8\third_party\icu\icui18n.vcxproj", "{749D232F-E853-1097-0412-0E9737D54A8E}"
EndProject
Project("{8BC9CEB8-8B4A-11D0-8D11-00A0C91BC942}") = "libuv", "..\deps\libuv\libuv.vcxproj", "{33066374-88CB-CB8D-15DA-61032886329A}"
EndProject
Project("{2150E333-8FDC-42A3-9474-1A3956D46DE8}") = "tests", "tests", "{A3D05C7D-2AE1-424E-93BE-F370D7BDBA6A}"
EndProject
Project("{8BC9CEB8-8B4A-11D0-8D11-00A0C91BC942}") = "uv-test", "..\uv-test\uv-test.vcxproj", "{E6A7FA39-6D29-47C6-A5E6-5BA14C0B5F6C}"
EndProject
Project("{8BC9CEB8-8B4A-11D0-8D11-00A0C91BC942}") = "socket-test", "socket-test\socket-test.vcxproj", "{9BF698B5-62B5-4B4A-97AD-02D974B880D6}"
EndProject
Global
	GlobalSection(SolutionConfigurationPlatforms) = preSolution
		Debug|Win32 = Debug|Win32
		Optdebug|Win32 = Optdebug|Win32
		Release|Win32 = Release|Win32
		ReleaseSAMP|Win32 = ReleaseSAMP|Win32
	EndGlobalSection
	GlobalSection(ProjectConfigurationPlatforms) = postSolution
		{65CF10AD-A6C8-496C-A3CC-ADBA875176C3}.Debug|Win32.ActiveCfg = ReleaseSAMP|Win32
		{65CF10AD-A6C8-496C-A3CC-ADBA875176C3}.Debug|Win32.Build.0 = ReleaseSAMP|Win32
		{65CF10AD-A6C8-496C-A3CC-ADBA875176C3}.Optdebug|Win32.ActiveCfg = Debug|Win32
		{65CF10AD-A6C8-496C-A3CC-ADBA875176C3}.Optdebug|Win32.Build.0 = Debug|Win32
		{65CF10AD-A6C8-496C-A3CC-ADBA875176C3}.Release|Win32.ActiveCfg = Release|Win32
		{65CF10AD-A6C8-496C-A3CC-ADBA875176C3}.Release|Win32.Build.0 = Release|Win32
		{65CF10AD-A6C8-496C-A3CC-ADBA875176C3}.ReleaseSAMP|Win32.ActiveCfg = ReleaseSAMP|Win32
		{65CF10AD-A6C8-496C-A3CC-ADBA875176C3}.ReleaseSAMP|Win32.Build.0 = ReleaseSAMP|Win32
		{CA16CB5E-2AFB-285E-4098-B933157313C3}.Debug|Win32.ActiveCfg = Debug|Win32
		{CA16CB5E-2AFB-285E-4098-B933157313C3}.Debug|Win32.Build.0 = Debug|Win32
		{CA16CB5E-2AFB-285E-4098-B933157313C3}.Optdebug|Win32.ActiveCfg = Optdebug|Win32
		{CA16CB5E-2AFB-285E-4098-B933157313C3}.Optdebug|Win32.Build.0 = Optdebug|Win32
		{CA16CB5E-2AFB-285E-4098-B933157313C3}.Release|Win32.ActiveCfg = Release|Win32
		{CA16CB5E-2AFB-285E-4098-B933157313C3}.Release|Win32.Build.0 = Release|Win32
		{CA16CB5E-2AFB-285E-4098-B933157313C3}.ReleaseSAMP|Win32.ActiveCfg = Release|Win32
		{CA16CB5E-2AFB-285E-4098-B933157313C3}.ReleaseSAMP|Win32.Build.0 = Release|Win32
		{60E52323-1EC8-1EFC-3916-52B2EF5B2800}.Debug|Win32.ActiveCfg = Debug|Win32
		{60E52323-1EC8-1EFC-3916-52B2EF5B2800}.Debug|Win32.Build.0 = Debug|Win32
		{60E52323-1EC8-1EFC-3916-52B2EF5B2800}.Optdebug|Win32.ActiveCfg = Optdebug|Win32
		{60E52323-1EC8-1EFC-3916-52B2EF5B2800}.Optdebug|Win32.Build.0 = Optdebug|Win32
		{60E52323-1EC8-1EFC-3916-52B2EF5B2800}.Release|Win32.ActiveCfg = Release|Win32
		{60E52323-1EC8-1EFC-3916-52B2EF5B2800}.Release|Win32.Build.0 = Release|Win32
		{60E52323-1EC8-1EFC-3916-52B2EF5B2800}.ReleaseSAMP|Win32.ActiveCfg = Release|Win32
		{60E52323-1EC8-1EFC-3916-52B2EF5B2800}.ReleaseSAMP|Win32.Build.0 = Release|Win32
		{AA8FA2CD-113F-C8C7-8710-CF09E51261D1}.Debug|Win32.ActiveCfg = Debug|Win32
		{AA8FA2CD-113F-C8C7-8710-CF09E51261D1}.Debug|Win32.Build.0 = Debug|Win32
		{AA8FA2CD-113F-C8C7-8710-CF09E51261D1}.Optdebug|Win32.ActiveCfg = Optdebug|Win32
		{AA8FA2CD-113F-C8C7-8710-CF09E51261D1}.Optdebug|Win32.Build.0 = Optdebug|Win32
		{AA8FA2CD-113F-C8C7-8710-CF09E51261D1}.Release|Win32.ActiveCfg = Release|Win32
		{AA8FA2CD-113F-C8C7-8710-CF09E51261D1}.Release|Win32.Build.0 = Release|Win32
		{AA8FA2CD-113F-C8C7-8710-CF09E51261D1}.ReleaseSAMP|Win32.ActiveCfg = Release|Win32
		{AA8FA2CD-113F-C8C7-8710-CF09E51261D1}.ReleaseSAMP|Win32.Build.0 = Release|Win32
		{C77AA447-F92C-461B-7266-9C2C667E6DAF}.Debug|Win32.ActiveCfg = Debug|Win32
		{C77AA447-F92C-461B-7266-9C2C667E6DAF}.Debug|Win32.Build.0 = Debug|Win32
		{C77AA447-F92C-461B-7266-9C2C667E6DAF}.Optdebug|Win32.ActiveCfg = Optdebug|Win32
		{C77AA447-F92C-461B-7266-9C2C667E6DAF}.Optdebug|Win32.Build.0 = Optdebug|Win32
		{C77AA447-F92C-461B-7266-9C2C667E6DAF}.Release|Win32.ActiveCfg = Release|Win32
		{C77AA447-F92C-461B-7266-9C2C667E6DAF}.Release|Win32.Build.0 = Release|Win32
		{C77AA447-F92C-461B-7266-9C2C667E6DAF}.ReleaseSAMP|Win32.ActiveCfg = Release|Win32
		{C77AA447-F92C-461B-7266-9C2C667E6DAF}.ReleaseSAMP|Win32.Build.0 = Release|Win32
		{98AF5438-1D9D-9548-E4F8-C7F065536728}.Debug|Win32.ActiveCfg = Debug|Win32
		{98AF5438-1D9D-9548-E4F8-C7F065536728}.Debug|Win32.Build.0 = Debug|Win32
		{98AF5438-1D9D-9548-E4F8-C7F065536728}.Optdebug|Win32.ActiveCfg = Optdebug|Win32
		{98AF5438-1D9D-9548-E4F8-C7F065536728}.Optdebug|Win32.Build.0 = Optdebug|Win32
		{98AF5438-1D9D-9548-E4F8-C7F065536728}.Release|Win32.ActiveCfg = Release|Win32
		{98AF5438-1D9D-9548-E4F8-C7F065536728}.Release|Win32.Build.0 = Release|Win32
		{98AF5438-1D9D-9548-E4F8-C7F065536728}.ReleaseSAMP|Win32.ActiveCfg = Release|Win32
		{98AF5438-1D9D-9548-E4F8-C7F065536728}.ReleaseSAMP|Win32.Build.0 = Release|Win32
		{1FAD5775-1701-2974-D996-C9792BE324BC}.Debug|Win32.ActiveCfg = Debug|Win32
		{1FAD5775-1701-2974-D996-C9792BE324BC}.Debug|Win32.Build.0 = Debug|Win32
		{1FAD5775-1701-2974-D996-C9792BE324BC}.Optdebug|Win32.ActiveCfg = Optdebug|Win32
		{1FAD5775-1701-2974-D996-C9792BE324BC}.Optdebug|Win32.Build.0 = Optdebug|Win32
		{1FAD5775-1701-2974-D996-C9792BE324BC}.Release|Win32.ActiveCfg = Release|Win32
		{1FAD5775-1701-2974-D996-C9792BE324BC}.Release|Win32.Build.0 = Release|Win32
		{1FAD5775-1701-2974-D996-C9792BE324BC}.ReleaseSAMP|Win32.ActiveCfg = Release|Win32
		{1FAD5775-1701-2974-D996-C9792BE324BC}.ReleaseSAMP|Win32.Build.0 = Release|Win32
		{98B652DB-C141-8440-DC50-13738F30DC30}.Debug|Win32.ActiveCfg = Debug|Win32
		{98B652DB-C141-8440-DC50-13738F30DC30}.Debug|Win32.Build.0 = Debug|Win32
		{98B652DB-C141-8440-DC50-13738F30DC30}.Optdebug|Win32.ActiveCfg = Optdebug|Win32
		{98B652DB-C141-8440-DC50-13738F30DC30}.Optdebug|Win32.Build.0 = Optdebug|Win32
		{98B652DB-C141-8440-DC50-13738F30DC30}.Release|Win32.ActiveCfg = Release|Win32
		{98B652DB-C141-8440-DC50-13738F30DC30}.Release|Win32.Build.0 = Release|Win32
		{98B652DB-C141-8440-DC50-13738F30DC30}.ReleaseSAMP|Win32.ActiveCfg = Release|Win32
		{98B652DB-C141-8440-DC50-13738F30DC30}.ReleaseSAMP|Win32.Build.0 = Release|Win32
		{9285F0F7-9198-278A-75A2-FDDB47E82FDC}.Debug|Win32.ActiveCfg = Debug|Win32
		{9285F0F7-9198-278A-75A2-FDDB47E82FDC}.Debug|Win32.Build.0 = Debug|Win32
		{9285F0F7-9198-278A-75A2-FDDB47E82FDC}.Optdebug|Win32.ActiveCfg = Optdebug|Win32
		{9285F0F7-9198-278A-75A2-FDDB47E82FDC}.Optdebug|Win32.Build.0 = Optdebug|Win32
		{9285F0F7-9198-278A-75A2-FDDB47E82FDC}.Release|Win32.ActiveCfg = Release|Win32
		{9285F0F7-9198-278A-75A2-FDDB47E82FDC}.Release|Win32.Build.0 = Release|Win32
		{9285F0F7-9198-278A-75A2-FDDB47E82FDC}.ReleaseSAMP|Win32.ActiveCfg = Release|Win32
		{9285F0F7-9198-278A-75A2-FDDB47E82FDC}.ReleaseSAMP|Win32.Build.0 = Release|Win32
		{749D232F-E853-1097-0412-0E9737D54A8E}.Debug|Win32.ActiveCfg = Debug|Win32
		{749D232F-E853-1097-0412-0E9737D54A8E}.Debug|Win32.Build.0 = Debug|Win32
		{749D232F-E853-1097-0412-0E9737D54A8E}.Optdebug|Win32.ActiveCfg = Optdebug|Win32
		{749D232F-E853-1097-0412-0E9737D54A8E}.Optdebug|Win32.Build.0 = Optdebug|Win32
		{749D232F-E853-1097-0412-0E9737D54A8E}.Release|Win32.ActiveCfg = Release|Win32
		{749D232F-E853-1097-0412-0E9737D54A8E}.Release|Win32.Build.0 = Release|Win32
		{749D232F-E853-1097-0412-0E9737D54A8E}.ReleaseSAMP|Win32.ActiveCfg = Release|Win32
		{749D232F-E853-1097-0412-0E9737D54A8E}.ReleaseSAMP|Win32.Build.0 = Release|Win32
		{33066374-88CB-CB8D-15DA-61032886329A}.Debug|Win32.ActiveCfg = Debug|Win32
		{33066374-88CB-CB8D-15DA-61032886329A}.Debug|Win32.Build.0 = Debug|Win32
		{33066374-88CB-CB8D-15DA-61032886329A}.Optdebug|Win32.ActiveCfg = Release|Win32
		{33066374-88CB-CB8D-15DA-61032886329A}.Optdebug|Win32.Build.0 = Release|Win32
		{33066374-88CB-CB8D-15DA-61032886329A}.Release|Win32.ActiveCfg = Release|Win32
		{33066374-88CB-CB8D-15DA-61032886329A}.Release|Win32.Build.0 = Release|Win32
		{33066374-88CB-CB8D-15DA-61032886329A}.ReleaseSAMP|Win32.ActiveCfg = Release|Win32
		{33066374-88CB-CB8D-15DA-61032886329A}.ReleaseSAMP|Win32.Build.0 = Release|Win32
		{E6A7FA39-6D29-47C6-A5E6-5BA14C0B5F6C}.Debug|Win32.ActiveCfg = Debug|Win32
		{E6A7FA39-6D29-47C6-A5E6-5BA14C0B5F6C}.Debug|Win32.Build.0 = Debug|Win32
		{E6A7FA39-6D29-47C6-A5E6-5BA14C0B5F6C}.Optdebug|Win32.ActiveCfg = Release|Win32
		{E6A7FA39-6D29-47C6-A5E6-5BA14C0B5F6C}.Optdebug|Win32.Build.0 = Release|Win32
		{E6A7FA39-6D29-47C6-A5E6-5BA14C0B5F6C}.Release|Win32.ActiveCfg = Release|Win32
		{E6A7FA39-6D29-47C6-A5E6-5BA14C0B5F6C}.Release|Win32.Build.0 = Release|Win32
		{E6A7FA39-6D29-47C6-A5E6-5BA14C0B5F6C}.ReleaseSAMP|Win32.ActiveCfg = Release|Win32
		{E6A7FA39-6D29-47C6-A5E6-5BA14C0B5F6C}.ReleaseSAMP|Win32.Build.0 = Release|Win32
		{9BF698B5-62B5-4B4A-97AD-02D974B880D6}.Debug|Win32.ActiveCfg = Debug|Win32
		{9BF698B5-62B5-4B4A-97AD-02D974B880D6}.Debug|Win32.Build.0 = Debug|Win32
		{9BF698B5-62B5-4B4A-97AD-02D974B880D6}.Optdebug|Win32.ActiveCfg = Release|Win32
		{9BF698B5-62B5-4B4A-97AD-02D974B880D6}.Optdebug|Win32.Build.0 = Release|Win32
		{9BF698B5-62B5-4B4A-97AD-02D974B880D6}.Release|Win32.ActiveCfg = Release|Win32
		{9BF698B5-62B5-4B4A-97AD-02D974B880D6}.Release|Win32.Build.0 = Release|Win32
		{9BF698B5-62B5-4B4A-97AD-02D974B880D6}.ReleaseSAMP|Win32.ActiveCfg = Release|Win32
		{9BF698B5-62B5-4B4A-97AD-02D974B880D6}.ReleaseSAMP|Win32.Build.0 = Release|Win32
	EndGlobalSection
	GlobalSection(SolutionProperties) = preSolution
		HideSolutionNode = FALSE
	EndGlobalSection
	GlobalSection(NestedProjects) = preSolution
		{CA16CB5E-2AFB-285E-4098-B933157313C3} = {8B8F6A49-362D-4A00-ABC8-A9E55CED17C3}
		{60E52323-1EC8-1EFC-3916-52B2EF5B2800} = {8B8F6A49-362D-4A00-ABC8-A9E55CED17C3}
		{AA8FA2CD-113F-C8C7-8710-CF09E51261D1} = {8B8F6A49-362D-4A00-ABC8-A9E55CED17C3}
		{C77AA447-F92C-461B-7266-9C2C667E6DAF} = {8B8F6A49-362D-4A00-ABC8-A9E55CED17C3}
		{98AF5438-1D9D-9548-E4F8-C7F065536728} = {8B8F6A49-362D-4A00-ABC8-A9E55CED17C3}
		{1FAD5775-1701-2974-D996-C9792BE324BC} = {8B8F6A49-362D-4A00-ABC8-A9E55CED17C3}
		{98B652DB-C141-8440-DC50-13738F30DC30} = {C160D19C-E1CE-46F8-96A1-A5E8B3747472}
		{9285F0F7-9198-278A-75A2-FDDB47E82FDC} = {C160D19C-E1CE-46F8-96A1-A5E8B3747472}
		{749D232F-E853-1097-0412-0E9737D54A8E} = {C160D19C-E1CE-46F8-96A1-A5E8B3747472}
		{33066374-88CB-CB8D-15DA-61032886329A} = {8B8F6A49-362D-4A00-ABC8-A9E55CED17C3}
		{E6A7FA39-6D29-47C6-A5E6-5BA14C0B5F6C} = {A3D05C7D-2AE1-424E-93BE-F370D7BDBA6A}
		{9BF698B5-62B5-4B4A-97AD-02D974B880D6} = {A3D05C7D-2AE1-424E-93BE-F370D7BDBA6A}
	EndGlobalSection
EndGlobal
